// !$*UTF8*$!
{
	archiveVersion = 1;
	classes = {
	};
	objectVersion = 55;
	objects = {

/* Begin PBXBuildFile section */
		0DA9D25C4DAC6B7FC2192FF5 /* Pods_LoginProcess.framework in Frameworks */ = {isa = PBXBuildFile; fileRef = E0014656F7359B6C3F1F6D11 /* Pods_LoginProcess.framework */; };
		E40C29A42820E32200981DE0 /* UIViewController+Extensions.swift in Sources */ = {isa = PBXBuildFile; fileRef = E40C29A32820E32200981DE0 /* UIViewController+Extensions.swift */; };
		E40C29A62820E5A800981DE0 /* UIImage+Extensions.swift in Sources */ = {isa = PBXBuildFile; fileRef = E40C29A52820E5A800981DE0 /* UIImage+Extensions.swift */; };
		E40C29A82820E8AD00981DE0 /* AuthenticationViewModel.swift in Sources */ = {isa = PBXBuildFile; fileRef = E40C29A72820E8AD00981DE0 /* AuthenticationViewModel.swift */; };
		E40C29AA2820EEB400981DE0 /* LabelButton.swift in Sources */ = {isa = PBXBuildFile; fileRef = E40C29A92820EEB400981DE0 /* LabelButton.swift */; };
		E40C29AC2820F0C600981DE0 /* UIColor+Extensions.swift in Sources */ = {isa = PBXBuildFile; fileRef = E40C29AB2820F0C600981DE0 /* UIColor+Extensions.swift */; };
		E40C29AE2821037F00981DE0 /* GoogleService-Info.plist in Resources */ = {isa = PBXBuildFile; fileRef = E40C29AD2821037F00981DE0 /* GoogleService-Info.plist */; };
		E40C29B228210C1900981DE0 /* .swiftlint.yml in Resources */ = {isa = PBXBuildFile; fileRef = E40C29B128210C1900981DE0 /* .swiftlint.yml */; };
		E4135B2D2821180D0033D61D /* HomeController.swift in Sources */ = {isa = PBXBuildFile; fileRef = E4135B2C2821180D0033D61D /* HomeController.swift */; };
		E4198F292820C2E9003CFE0A /* RegistrationController.swift in Sources */ = {isa = PBXBuildFile; fileRef = E4198F282820C2E9003CFE0A /* RegistrationController.swift */; };
		E4198F2B2820C7A8003CFE0A /* ResetPasswordController.swift in Sources */ = {isa = PBXBuildFile; fileRef = E4198F2A2820C7A8003CFE0A /* ResetPasswordController.swift */; };
		E439FEDA2823C128002DABE1 /* RemoteService.swift in Sources */ = {isa = PBXBuildFile; fileRef = E439FED92823C128002DABE1 /* RemoteService.swift */; };
		E439FEDD2823DDB8002DABE1 /* LoginViewModel.swift in Sources */ = {isa = PBXBuildFile; fileRef = E439FEDC2823DDB8002DABE1 /* LoginViewModel.swift */; };
		E439FEDF2823DDC7002DABE1 /* RegistrationViewModel.swift in Sources */ = {isa = PBXBuildFile; fileRef = E439FEDE2823DDC7002DABE1 /* RegistrationViewModel.swift */; };
		E439FEE12823DDD9002DABE1 /* ResetPasswordViewModel.swift in Sources */ = {isa = PBXBuildFile; fileRef = E439FEE02823DDD9002DABE1 /* ResetPasswordViewModel.swift */; };
		E439FEE32823E790002DABE1 /* OnboardingController.swift in Sources */ = {isa = PBXBuildFile; fileRef = E439FEE22823E790002DABE1 /* OnboardingController.swift */; };
		E439FEE52823EB11002DABE1 /* Constants.swift in Sources */ = {isa = PBXBuildFile; fileRef = E439FEE42823EB11002DABE1 /* Constants.swift */; };
		E439FEE72823F202002DABE1 /* OnboardingViewModel.swift in Sources */ = {isa = PBXBuildFile; fileRef = E439FEE62823F202002DABE1 /* OnboardingViewModel.swift */; };
		E43B1284281FF36200D88544 /* AppDelegate.swift in Sources */ = {isa = PBXBuildFile; fileRef = E43B1283281FF36200D88544 /* AppDelegate.swift */; };
		E43B1286281FF36200D88544 /* SceneDelegate.swift in Sources */ = {isa = PBXBuildFile; fileRef = E43B1285281FF36200D88544 /* SceneDelegate.swift */; };
		E43B128D281FF36600D88544 /* Assets.xcassets in Resources */ = {isa = PBXBuildFile; fileRef = E43B128C281FF36600D88544 /* Assets.xcassets */; };
		E43B1290281FF36600D88544 /* LaunchScreen.storyboard in Resources */ = {isa = PBXBuildFile; fileRef = E43B128E281FF36600D88544 /* LaunchScreen.storyboard */; };
		E43B12A2281FF42800D88544 /* LoginController.swift in Sources */ = {isa = PBXBuildFile; fileRef = E43B12A1281FF42800D88544 /* LoginController.swift */; };
		E43B12A6281FF68D00D88544 /* UIView+Extensions.swift in Sources */ = {isa = PBXBuildFile; fileRef = E43B12A5281FF68D00D88544 /* UIView+Extensions.swift */; };
		E47BCE3D282007DF00D01BBF /* .swiftformat in Resources */ = {isa = PBXBuildFile; fileRef = E47BCE3C282007DF00D01BBF /* .swiftformat */; };
		E47BCE412820127B00D01BBF /* TextInput.swift in Sources */ = {isa = PBXBuildFile; fileRef = E47BCE402820127B00D01BBF /* TextInput.swift */; };
		E47BCE43282014C600D01BBF /* AuthButton.swift in Sources */ = {isa = PBXBuildFile; fileRef = E47BCE42282014C600D01BBF /* AuthButton.swift */; };
		E4C17FA8282019F400F5D16C /* Divider.swift in Sources */ = {isa = PBXBuildFile; fileRef = E4C17FA7282019F400F5D16C /* Divider.swift */; };
/* End PBXBuildFile section */

/* Begin PBXFileReference section */
		0BAD86FAFE51270E9488E5EF /* Pods-LoginProcess.debug.xcconfig */ = {isa = PBXFileReference; includeInIndex = 1; lastKnownFileType = text.xcconfig; name = "Pods-LoginProcess.debug.xcconfig"; path = "Target Support Files/Pods-LoginProcess/Pods-LoginProcess.debug.xcconfig"; sourceTree = "<group>"; };
		76082E0BAFCE1376D3C11628 /* Pods-LoginProcess.release.xcconfig */ = {isa = PBXFileReference; includeInIndex = 1; lastKnownFileType = text.xcconfig; name = "Pods-LoginProcess.release.xcconfig"; path = "Target Support Files/Pods-LoginProcess/Pods-LoginProcess.release.xcconfig"; sourceTree = "<group>"; };
		E0014656F7359B6C3F1F6D11 /* Pods_LoginProcess.framework */ = {isa = PBXFileReference; explicitFileType = wrapper.framework; includeInIndex = 0; path = Pods_LoginProcess.framework; sourceTree = BUILT_PRODUCTS_DIR; };
		E40C29A32820E32200981DE0 /* UIViewController+Extensions.swift */ = {isa = PBXFileReference; lastKnownFileType = sourcecode.swift; path = "UIViewController+Extensions.swift"; sourceTree = "<group>"; };
		E40C29A52820E5A800981DE0 /* UIImage+Extensions.swift */ = {isa = PBXFileReference; lastKnownFileType = sourcecode.swift; path = "UIImage+Extensions.swift"; sourceTree = "<group>"; };
		E40C29A72820E8AD00981DE0 /* AuthenticationViewModel.swift */ = {isa = PBXFileReference; lastKnownFileType = sourcecode.swift; path = AuthenticationViewModel.swift; sourceTree = "<group>"; };
		E40C29A92820EEB400981DE0 /* LabelButton.swift */ = {isa = PBXFileReference; lastKnownFileType = sourcecode.swift; path = LabelButton.swift; sourceTree = "<group>"; };
		E40C29AB2820F0C600981DE0 /* UIColor+Extensions.swift */ = {isa = PBXFileReference; lastKnownFileType = sourcecode.swift; path = "UIColor+Extensions.swift"; sourceTree = "<group>"; };
		E40C29AD2821037F00981DE0 /* GoogleService-Info.plist */ = {isa = PBXFileReference; fileEncoding = 4; lastKnownFileType = text.plist.xml; path = "GoogleService-Info.plist"; sourceTree = "<group>"; };
		E40C29B128210C1900981DE0 /* .swiftlint.yml */ = {isa = PBXFileReference; lastKnownFileType = text.yaml; path = .swiftlint.yml; sourceTree = "<group>"; };
		E4135B2C2821180D0033D61D /* HomeController.swift */ = {isa = PBXFileReference; lastKnownFileType = sourcecode.swift; path = HomeController.swift; sourceTree = "<group>"; };
		E4198F282820C2E9003CFE0A /* RegistrationController.swift */ = {isa = PBXFileReference; lastKnownFileType = sourcecode.swift; path = RegistrationController.swift; sourceTree = "<group>"; };
		E4198F2A2820C7A8003CFE0A /* ResetPasswordController.swift */ = {isa = PBXFileReference; lastKnownFileType = sourcecode.swift; path = ResetPasswordController.swift; sourceTree = "<group>"; };
		E439FED92823C128002DABE1 /* RemoteService.swift */ = {isa = PBXFileReference; lastKnownFileType = sourcecode.swift; path = RemoteService.swift; sourceTree = "<group>"; };
		E439FEDC2823DDB8002DABE1 /* LoginViewModel.swift */ = {isa = PBXFileReference; lastKnownFileType = sourcecode.swift; path = LoginViewModel.swift; sourceTree = "<group>"; };
		E439FEDE2823DDC7002DABE1 /* RegistrationViewModel.swift */ = {isa = PBXFileReference; lastKnownFileType = sourcecode.swift; path = RegistrationViewModel.swift; sourceTree = "<group>"; };
		E439FEE02823DDD9002DABE1 /* ResetPasswordViewModel.swift */ = {isa = PBXFileReference; lastKnownFileType = sourcecode.swift; path = ResetPasswordViewModel.swift; sourceTree = "<group>"; };
		E439FEE22823E790002DABE1 /* OnboardingController.swift */ = {isa = PBXFileReference; lastKnownFileType = sourcecode.swift; path = OnboardingController.swift; sourceTree = "<group>"; };
		E439FEE42823EB11002DABE1 /* Constants.swift */ = {isa = PBXFileReference; lastKnownFileType = sourcecode.swift; path = Constants.swift; sourceTree = "<group>"; };
		E439FEE62823F202002DABE1 /* OnboardingViewModel.swift */ = {isa = PBXFileReference; lastKnownFileType = sourcecode.swift; path = OnboardingViewModel.swift; sourceTree = "<group>"; };
		E43B1280281FF36200D88544 /* LoginProcess.app */ = {isa = PBXFileReference; explicitFileType = wrapper.application; includeInIndex = 0; path = LoginProcess.app; sourceTree = BUILT_PRODUCTS_DIR; };
		E43B1283281FF36200D88544 /* AppDelegate.swift */ = {isa = PBXFileReference; lastKnownFileType = sourcecode.swift; path = AppDelegate.swift; sourceTree = "<group>"; };
		E43B1285281FF36200D88544 /* SceneDelegate.swift */ = {isa = PBXFileReference; lastKnownFileType = sourcecode.swift; path = SceneDelegate.swift; sourceTree = "<group>"; };
		E43B128C281FF36600D88544 /* Assets.xcassets */ = {isa = PBXFileReference; lastKnownFileType = folder.assetcatalog; path = Assets.xcassets; sourceTree = "<group>"; };
		E43B128F281FF36600D88544 /* Base */ = {isa = PBXFileReference; lastKnownFileType = file.storyboard; name = Base; path = Base.lproj/LaunchScreen.storyboard; sourceTree = "<group>"; };
		E43B1291281FF36600D88544 /* Info.plist */ = {isa = PBXFileReference; lastKnownFileType = text.plist.xml; path = Info.plist; sourceTree = "<group>"; };
		E43B12A1281FF42800D88544 /* LoginController.swift */ = {isa = PBXFileReference; lastKnownFileType = sourcecode.swift; path = LoginController.swift; sourceTree = "<group>"; };
		E43B12A5281FF68D00D88544 /* UIView+Extensions.swift */ = {isa = PBXFileReference; lastKnownFileType = sourcecode.swift; path = "UIView+Extensions.swift"; sourceTree = "<group>"; };
		E47BCE3C282007DF00D01BBF /* .swiftformat */ = {isa = PBXFileReference; lastKnownFileType = text; path = .swiftformat; sourceTree = "<group>"; };
		E47BCE402820127B00D01BBF /* TextInput.swift */ = {isa = PBXFileReference; lastKnownFileType = sourcecode.swift; path = TextInput.swift; sourceTree = "<group>"; };
		E47BCE42282014C600D01BBF /* AuthButton.swift */ = {isa = PBXFileReference; lastKnownFileType = sourcecode.swift; path = AuthButton.swift; sourceTree = "<group>"; };
		E4C17FA7282019F400F5D16C /* Divider.swift */ = {isa = PBXFileReference; lastKnownFileType = sourcecode.swift; path = Divider.swift; sourceTree = "<group>"; };
/* End PBXFileReference section */

/* Begin PBXFrameworksBuildPhase section */
		E43B127D281FF36200D88544 /* Frameworks */ = {
			isa = PBXFrameworksBuildPhase;
			buildActionMask = 2147483647;
			files = (
				0DA9D25C4DAC6B7FC2192FF5 /* Pods_LoginProcess.framework in Frameworks */,
			);
			runOnlyForDeploymentPostprocessing = 0;
		};
/* End PBXFrameworksBuildPhase section */

/* Begin PBXGroup section */
		A6F05247DE25B9572BF3275F /* Frameworks */ = {
			isa = PBXGroup;
			children = (
				E0014656F7359B6C3F1F6D11 /* Pods_LoginProcess.framework */,
			);
			name = Frameworks;
			sourceTree = "<group>";
		};
		D2650880B9E8955A747E278E /* Pods */ = {
			isa = PBXGroup;
			children = (
				0BAD86FAFE51270E9488E5EF /* Pods-LoginProcess.debug.xcconfig */,
				76082E0BAFCE1376D3C11628 /* Pods-LoginProcess.release.xcconfig */,
			);
			path = Pods;
			sourceTree = "<group>";
		};
		E40C29AF2821038600981DE0 /* Support files */ = {
			isa = PBXGroup;
			children = (
				E40C29AD2821037F00981DE0 /* GoogleService-Info.plist */,
				E43B1291281FF36600D88544 /* Info.plist */,
			);
			path = "Support files";
			sourceTree = "<group>";
		};
		E40C29B02821038E00981DE0 /* Resources */ = {
			isa = PBXGroup;
			children = (
				E43B128C281FF36600D88544 /* Assets.xcassets */,
				E43B128E281FF36600D88544 /* LaunchScreen.storyboard */,
			);
			path = Resources;
			sourceTree = "<group>";
		};
		E439FEDB2823DD80002DABE1 /* UseCases */ = {
			isa = PBXGroup;
			children = (
			);
			path = UseCases;
			sourceTree = "<group>";
		};
		E43B1277281FF36200D88544 = {
			isa = PBXGroup;
			children = (
				E47BCE3C282007DF00D01BBF /* .swiftformat */,
				E40C29B128210C1900981DE0 /* .swiftlint.yml */,
				E43B1282281FF36200D88544 /* LoginProcess */,
				E43B1281281FF36200D88544 /* Products */,
				D2650880B9E8955A747E278E /* Pods */,
				A6F05247DE25B9572BF3275F /* Frameworks */,
			);
			sourceTree = "<group>";
		};
		E43B1281281FF36200D88544 /* Products */ = {
			isa = PBXGroup;
			children = (
				E43B1280281FF36200D88544 /* LoginProcess.app */,
			);
			name = Products;
			sourceTree = "<group>";
		};
		E43B1282281FF36200D88544 /* LoginProcess */ = {
			isa = PBXGroup;
			children = (
				E439FEE42823EB11002DABE1 /* Constants.swift */,
				E43B1283281FF36200D88544 /* AppDelegate.swift */,
				E43B1285281FF36200D88544 /* SceneDelegate.swift */,
				E43B129E281FF3F200D88544 /* Utility */,
				E40C29B02821038E00981DE0 /* Resources */,
				E40C29AF2821038600981DE0 /* Support files */,
				E439FEDB2823DD80002DABE1 /* UseCases */,
				E43B129C281FF3E700D88544 /* API */,
				E43B129B281FF3C100D88544 /* Model */,
				E43B129A281FF3BF00D88544 /* View */,
				E43B1297281FF3AD00D88544 /* ViewModel */,
				E43B129D281FF3EA00D88544 /* Controller */,
			);
			path = LoginProcess;
			sourceTree = "<group>";
		};
		E43B1297281FF3AD00D88544 /* ViewModel */ = {
			isa = PBXGroup;
			children = (
				E40C29A72820E8AD00981DE0 /* AuthenticationViewModel.swift */,
				E439FEE02823DDD9002DABE1 /* ResetPasswordViewModel.swift */,
				E439FEDE2823DDC7002DABE1 /* RegistrationViewModel.swift */,
				E439FEDC2823DDB8002DABE1 /* LoginViewModel.swift */,
				E439FEE62823F202002DABE1 /* OnboardingViewModel.swift */,
			);
			path = ViewModel;
			sourceTree = "<group>";
		};
		E43B129A281FF3BF00D88544 /* View */ = {
			isa = PBXGroup;
			children = (
				E47BCE402820127B00D01BBF /* TextInput.swift */,
				E47BCE42282014C600D01BBF /* AuthButton.swift */,
				E4C17FA7282019F400F5D16C /* Divider.swift */,
				E40C29A92820EEB400981DE0 /* LabelButton.swift */,
			);
			path = View;
			sourceTree = "<group>";
		};
		E43B129B281FF3C100D88544 /* Model */ = {
			isa = PBXGroup;
			children = (
			);
			path = Model;
			sourceTree = "<group>";
		};
		E43B129C281FF3E700D88544 /* API */ = {
			isa = PBXGroup;
			children = (
				E439FED92823C128002DABE1 /* RemoteService.swift */,
			);
			path = API;
			sourceTree = "<group>";
		};
		E43B129D281FF3EA00D88544 /* Controller */ = {
			isa = PBXGroup;
			children = (
				E43B12A1281FF42800D88544 /* LoginController.swift */,
				E4135B2C2821180D0033D61D /* HomeController.swift */,
				E4198F282820C2E9003CFE0A /* RegistrationController.swift */,
				E4198F2A2820C7A8003CFE0A /* ResetPasswordController.swift */,
				E439FEE22823E790002DABE1 /* OnboardingController.swift */,
			);
			path = Controller;
			sourceTree = "<group>";
		};
		E43B129E281FF3F200D88544 /* Utility */ = {
			isa = PBXGroup;
			children = (
				E43B12A5281FF68D00D88544 /* UIView+Extensions.swift */,
				E40C29AB2820F0C600981DE0 /* UIColor+Extensions.swift */,
				E40C29A52820E5A800981DE0 /* UIImage+Extensions.swift */,
				E40C29A32820E32200981DE0 /* UIViewController+Extensions.swift */,
			);
			path = Utility;
			sourceTree = "<group>";
		};
/* End PBXGroup section */

/* Begin PBXNativeTarget section */
		E43B127F281FF36200D88544 /* LoginProcess */ = {
			isa = PBXNativeTarget;
			buildConfigurationList = E43B1294281FF36600D88544 /* Build configuration list for PBXNativeTarget "LoginProcess" */;
			buildPhases = (
				E592754BC889FF3C3D32BE3B /* [CP] Check Pods Manifest.lock */,
				E47BCE352820071400D01BBF /* SwiftFormat */,
				E47BCE34282005DB00D01BBF /* SwiftLint */,
				E43B127C281FF36200D88544 /* Sources */,
				E43B127D281FF36200D88544 /* Frameworks */,
				E43B127E281FF36200D88544 /* Resources */,
				AA8E3B5DE02116BB131D61D8 /* [CP] Embed Pods Frameworks */,
			);
			buildRules = (
			);
			dependencies = (
			);
			name = LoginProcess;
			productName = LoginProcess;
			productReference = E43B1280281FF36200D88544 /* LoginProcess.app */;
			productType = "com.apple.product-type.application";
		};
/* End PBXNativeTarget section */

/* Begin PBXProject section */
		E43B1278281FF36200D88544 /* Project object */ = {
			isa = PBXProject;
			attributes = {
				BuildIndependentTargetsInParallel = 1;
				LastSwiftUpdateCheck = 1330;
				LastUpgradeCheck = 1330;
				TargetAttributes = {
					E43B127F281FF36200D88544 = {
						CreatedOnToolsVersion = 13.3;
					};
				};
			};
			buildConfigurationList = E43B127B281FF36200D88544 /* Build configuration list for PBXProject "LoginProcess" */;
			compatibilityVersion = "Xcode 13.0";
			developmentRegion = en;
			hasScannedForEncodings = 0;
			knownRegions = (
				en,
				Base,
			);
			mainGroup = E43B1277281FF36200D88544;
			productRefGroup = E43B1281281FF36200D88544 /* Products */;
			projectDirPath = "";
			projectRoot = "";
			targets = (
				E43B127F281FF36200D88544 /* LoginProcess */,
			);
		};
/* End PBXProject section */

/* Begin PBXResourcesBuildPhase section */
		E43B127E281FF36200D88544 /* Resources */ = {
			isa = PBXResourcesBuildPhase;
			buildActionMask = 2147483647;
			files = (
				E40C29B228210C1900981DE0 /* .swiftlint.yml in Resources */,
				E43B1290281FF36600D88544 /* LaunchScreen.storyboard in Resources */,
				E40C29AE2821037F00981DE0 /* GoogleService-Info.plist in Resources */,
				E43B128D281FF36600D88544 /* Assets.xcassets in Resources */,
				E47BCE3D282007DF00D01BBF /* .swiftformat in Resources */,
			);
			runOnlyForDeploymentPostprocessing = 0;
		};
/* End PBXResourcesBuildPhase section */

/* Begin PBXShellScriptBuildPhase section */
		AA8E3B5DE02116BB131D61D8 /* [CP] Embed Pods Frameworks */ = {
			isa = PBXShellScriptBuildPhase;
			buildActionMask = 2147483647;
			files = (
			);
			inputFileListPaths = (
				"${PODS_ROOT}/Target Support Files/Pods-LoginProcess/Pods-LoginProcess-frameworks-${CONFIGURATION}-input-files.xcfilelist",
			);
			name = "[CP] Embed Pods Frameworks";
			outputFileListPaths = (
				"${PODS_ROOT}/Target Support Files/Pods-LoginProcess/Pods-LoginProcess-frameworks-${CONFIGURATION}-output-files.xcfilelist",
			);
			runOnlyForDeploymentPostprocessing = 0;
			shellPath = /bin/sh;
			shellScript = "\"${PODS_ROOT}/Target Support Files/Pods-LoginProcess/Pods-LoginProcess-frameworks.sh\"\n";
			showEnvVarsInLog = 0;
		};
		E47BCE34282005DB00D01BBF /* SwiftLint */ = {
			isa = PBXShellScriptBuildPhase;
			buildActionMask = 2147483647;
			files = (
			);
			inputFileListPaths = (
			);
			inputPaths = (
			);
			name = SwiftLint;
			outputFileListPaths = (
			);
			outputPaths = (
			);
			runOnlyForDeploymentPostprocessing = 0;
			shellPath = /bin/sh;
			shellScript = "# Type a script or drag a script file from your workspace to insert its path.\n\"${PODS_ROOT}/SwiftLint/swiftlint\"\n";
		};
		E47BCE352820071400D01BBF /* SwiftFormat */ = {
			isa = PBXShellScriptBuildPhase;
			buildActionMask = 2147483647;
			files = (
			);
			inputFileListPaths = (
			);
			inputPaths = (
			);
			name = SwiftFormat;
			outputFileListPaths = (
			);
			outputPaths = (
			);
			runOnlyForDeploymentPostprocessing = 0;
			shellPath = /bin/sh;
			shellScript = "# Type a script or drag a script file from your workspace to insert its path.\n\"${PODS_ROOT}/SwiftFormat/CommandLineTool/swiftformat\" \"$SRCROOT\"\n";
		};
		E592754BC889FF3C3D32BE3B /* [CP] Check Pods Manifest.lock */ = {
			isa = PBXShellScriptBuildPhase;
			buildActionMask = 2147483647;
			files = (
			);
			inputFileListPaths = (
			);
			inputPaths = (
				"${PODS_PODFILE_DIR_PATH}/Podfile.lock",
				"${PODS_ROOT}/Manifest.lock",
			);
			name = "[CP] Check Pods Manifest.lock";
			outputFileListPaths = (
			);
			outputPaths = (
				"$(DERIVED_FILE_DIR)/Pods-LoginProcess-checkManifestLockResult.txt",
			);
			runOnlyForDeploymentPostprocessing = 0;
			shellPath = /bin/sh;
			shellScript = "diff \"${PODS_PODFILE_DIR_PATH}/Podfile.lock\" \"${PODS_ROOT}/Manifest.lock\" > /dev/null\nif [ $? != 0 ] ; then\n    # print error to STDERR\n    echo \"error: The sandbox is not in sync with the Podfile.lock. Run 'pod install' or update your CocoaPods installation.\" >&2\n    exit 1\nfi\n# This output is used by Xcode 'outputs' to avoid re-running this script phase.\necho \"SUCCESS\" > \"${SCRIPT_OUTPUT_FILE_0}\"\n";
			showEnvVarsInLog = 0;
		};
/* End PBXShellScriptBuildPhase section */

/* Begin PBXSourcesBuildPhase section */
		E43B127C281FF36200D88544 /* Sources */ = {
			isa = PBXSourcesBuildPhase;
			buildActionMask = 2147483647;
			files = (
				E40C29A82820E8AD00981DE0 /* AuthenticationViewModel.swift in Sources */,
				E439FEE12823DDD9002DABE1 /* ResetPasswordViewModel.swift in Sources */,
				E439FEDF2823DDC7002DABE1 /* RegistrationViewModel.swift in Sources */,
				E43B12A6281FF68D00D88544 /* UIView+Extensions.swift in Sources */,
				E40C29AA2820EEB400981DE0 /* LabelButton.swift in Sources */,
				E47BCE43282014C600D01BBF /* AuthButton.swift in Sources */,
				E43B12A2281FF42800D88544 /* LoginController.swift in Sources */,
				E40C29A62820E5A800981DE0 /* UIImage+Extensions.swift in Sources */,
				E439FEE32823E790002DABE1 /* OnboardingController.swift in Sources */,
				E4198F292820C2E9003CFE0A /* RegistrationController.swift in Sources */,
				E47BCE412820127B00D01BBF /* TextInput.swift in Sources */,
				E439FEE52823EB11002DABE1 /* Constants.swift in Sources */,
				E40C29A42820E32200981DE0 /* UIViewController+Extensions.swift in Sources */,
				E439FEDA2823C128002DABE1 /* RemoteService.swift in Sources */,
				E439FEDD2823DDB8002DABE1 /* LoginViewModel.swift in Sources */,
				E40C29AC2820F0C600981DE0 /* UIColor+Extensions.swift in Sources */,
				E43B1284281FF36200D88544 /* AppDelegate.swift in Sources */,
				E43B1286281FF36200D88544 /* SceneDelegate.swift in Sources */,
				E4198F2B2820C7A8003CFE0A /* ResetPasswordController.swift in Sources */,
				E439FEE72823F202002DABE1 /* OnboardingViewModel.swift in Sources */,
				E4C17FA8282019F400F5D16C /* Divider.swift in Sources */,
				E4135B2D2821180D0033D61D /* HomeController.swift in Sources */,
			);
			runOnlyForDeploymentPostprocessing = 0;
		};
/* End PBXSourcesBuildPhase section */

/* Begin PBXVariantGroup section */
		E43B128E281FF36600D88544 /* LaunchScreen.storyboard */ = {
			isa = PBXVariantGroup;
			children = (
				E43B128F281FF36600D88544 /* Base */,
			);
			name = LaunchScreen.storyboard;
			sourceTree = "<group>";
		};
/* End PBXVariantGroup section */

/* Begin XCBuildConfiguration section */
		E43B1292281FF36600D88544 /* Debug */ = {
			isa = XCBuildConfiguration;
			buildSettings = {
				ALWAYS_SEARCH_USER_PATHS = NO;
				CLANG_ANALYZER_NONNULL = YES;
				CLANG_ANALYZER_NUMBER_OBJECT_CONVERSION = YES_AGGRESSIVE;
				CLANG_CXX_LANGUAGE_STANDARD = "gnu++17";
				CLANG_ENABLE_MODULES = YES;
				CLANG_ENABLE_OBJC_ARC = YES;
				CLANG_ENABLE_OBJC_WEAK = YES;
				CLANG_WARN_BLOCK_CAPTURE_AUTORELEASING = YES;
				CLANG_WARN_BOOL_CONVERSION = YES;
				CLANG_WARN_COMMA = YES;
				CLANG_WARN_CONSTANT_CONVERSION = YES;
				CLANG_WARN_DEPRECATED_OBJC_IMPLEMENTATIONS = YES;
				CLANG_WARN_DIRECT_OBJC_ISA_USAGE = YES_ERROR;
				CLANG_WARN_DOCUMENTATION_COMMENTS = YES;
				CLANG_WARN_EMPTY_BODY = YES;
				CLANG_WARN_ENUM_CONVERSION = YES;
				CLANG_WARN_INFINITE_RECURSION = YES;
				CLANG_WARN_INT_CONVERSION = YES;
				CLANG_WARN_NON_LITERAL_NULL_CONVERSION = YES;
				CLANG_WARN_OBJC_IMPLICIT_RETAIN_SELF = YES;
				CLANG_WARN_OBJC_LITERAL_CONVERSION = YES;
				CLANG_WARN_OBJC_ROOT_CLASS = YES_ERROR;
				CLANG_WARN_QUOTED_INCLUDE_IN_FRAMEWORK_HEADER = YES;
				CLANG_WARN_RANGE_LOOP_ANALYSIS = YES;
				CLANG_WARN_STRICT_PROTOTYPES = YES;
				CLANG_WARN_SUSPICIOUS_MOVE = YES;
				CLANG_WARN_UNGUARDED_AVAILABILITY = YES_AGGRESSIVE;
				CLANG_WARN_UNREACHABLE_CODE = YES;
				CLANG_WARN__DUPLICATE_METHOD_MATCH = YES;
				COPY_PHASE_STRIP = NO;
				DEBUG_INFORMATION_FORMAT = dwarf;
				ENABLE_STRICT_OBJC_MSGSEND = YES;
				ENABLE_TESTABILITY = YES;
				GCC_C_LANGUAGE_STANDARD = gnu11;
				GCC_DYNAMIC_NO_PIC = NO;
				GCC_NO_COMMON_BLOCKS = YES;
				GCC_OPTIMIZATION_LEVEL = 0;
				GCC_PREPROCESSOR_DEFINITIONS = (
					"DEBUG=1",
					"$(inherited)",
				);
				GCC_WARN_64_TO_32_BIT_CONVERSION = YES;
				GCC_WARN_ABOUT_RETURN_TYPE = YES_ERROR;
				GCC_WARN_UNDECLARED_SELECTOR = YES;
				GCC_WARN_UNINITIALIZED_AUTOS = YES_AGGRESSIVE;
				GCC_WARN_UNUSED_FUNCTION = YES;
				GCC_WARN_UNUSED_VARIABLE = YES;
				IPHONEOS_DEPLOYMENT_TARGET = 15.4;
				MTL_ENABLE_DEBUG_INFO = INCLUDE_SOURCE;
				MTL_FAST_MATH = YES;
				ONLY_ACTIVE_ARCH = YES;
				SDKROOT = iphoneos;
				SWIFT_ACTIVE_COMPILATION_CONDITIONS = DEBUG;
				SWIFT_OPTIMIZATION_LEVEL = "-Onone";
			};
			name = Debug;
		};
		E43B1293281FF36600D88544 /* Release */ = {
			isa = XCBuildConfiguration;
			buildSettings = {
				ALWAYS_SEARCH_USER_PATHS = NO;
				CLANG_ANALYZER_NONNULL = YES;
				CLANG_ANALYZER_NUMBER_OBJECT_CONVERSION = YES_AGGRESSIVE;
				CLANG_CXX_LANGUAGE_STANDARD = "gnu++17";
				CLANG_ENABLE_MODULES = YES;
				CLANG_ENABLE_OBJC_ARC = YES;
				CLANG_ENABLE_OBJC_WEAK = YES;
				CLANG_WARN_BLOCK_CAPTURE_AUTORELEASING = YES;
				CLANG_WARN_BOOL_CONVERSION = YES;
				CLANG_WARN_COMMA = YES;
				CLANG_WARN_CONSTANT_CONVERSION = YES;
				CLANG_WARN_DEPRECATED_OBJC_IMPLEMENTATIONS = YES;
				CLANG_WARN_DIRECT_OBJC_ISA_USAGE = YES_ERROR;
				CLANG_WARN_DOCUMENTATION_COMMENTS = YES;
				CLANG_WARN_EMPTY_BODY = YES;
				CLANG_WARN_ENUM_CONVERSION = YES;
				CLANG_WARN_INFINITE_RECURSION = YES;
				CLANG_WARN_INT_CONVERSION = YES;
				CLANG_WARN_NON_LITERAL_NULL_CONVERSION = YES;
				CLANG_WARN_OBJC_IMPLICIT_RETAIN_SELF = YES;
				CLANG_WARN_OBJC_LITERAL_CONVERSION = YES;
				CLANG_WARN_OBJC_ROOT_CLASS = YES_ERROR;
				CLANG_WARN_QUOTED_INCLUDE_IN_FRAMEWORK_HEADER = YES;
				CLANG_WARN_RANGE_LOOP_ANALYSIS = YES;
				CLANG_WARN_STRICT_PROTOTYPES = YES;
				CLANG_WARN_SUSPICIOUS_MOVE = YES;
				CLANG_WARN_UNGUARDED_AVAILABILITY = YES_AGGRESSIVE;
				CLANG_WARN_UNREACHABLE_CODE = YES;
				CLANG_WARN__DUPLICATE_METHOD_MATCH = YES;
				COPY_PHASE_STRIP = NO;
				DEBUG_INFORMATION_FORMAT = "dwarf-with-dsym";
				ENABLE_NS_ASSERTIONS = NO;
				ENABLE_STRICT_OBJC_MSGSEND = YES;
				GCC_C_LANGUAGE_STANDARD = gnu11;
				GCC_NO_COMMON_BLOCKS = YES;
				GCC_WARN_64_TO_32_BIT_CONVERSION = YES;
				GCC_WARN_ABOUT_RETURN_TYPE = YES_ERROR;
				GCC_WARN_UNDECLARED_SELECTOR = YES;
				GCC_WARN_UNINITIALIZED_AUTOS = YES_AGGRESSIVE;
				GCC_WARN_UNUSED_FUNCTION = YES;
				GCC_WARN_UNUSED_VARIABLE = YES;
				IPHONEOS_DEPLOYMENT_TARGET = 15.4;
				MTL_ENABLE_DEBUG_INFO = NO;
				MTL_FAST_MATH = YES;
				SDKROOT = iphoneos;
				SWIFT_COMPILATION_MODE = wholemodule;
				SWIFT_OPTIMIZATION_LEVEL = "-O";
				VALIDATE_PRODUCT = YES;
			};
			name = Release;
		};
		E43B1295281FF36600D88544 /* Debug */ = {
			isa = XCBuildConfiguration;
			baseConfigurationReference = 0BAD86FAFE51270E9488E5EF /* Pods-LoginProcess.debug.xcconfig */;
			buildSettings = {
				ASSETCATALOG_COMPILER_APPICON_NAME = AppIcon;
				ASSETCATALOG_COMPILER_GLOBAL_ACCENT_COLOR_NAME = AccentColor;
				CODE_SIGN_STYLE = Automatic;
				CURRENT_PROJECT_VERSION = 1;
				DEVELOPMENT_TEAM = FCQD35AW5P;
				GENERATE_INFOPLIST_FILE = YES;
				INFOPLIST_FILE = "LoginProcess/Support files/Info.plist";
				INFOPLIST_KEY_UIApplicationSupportsIndirectInputEvents = YES;
				INFOPLIST_KEY_UILaunchStoryboardName = LaunchScreen;
				INFOPLIST_KEY_UISupportedInterfaceOrientations_iPad = "UIInterfaceOrientationPortrait UIInterfaceOrientationPortraitUpsideDown UIInterfaceOrientationLandscapeLeft UIInterfaceOrientationLandscapeRight";
				INFOPLIST_KEY_UISupportedInterfaceOrientations_iPhone = "UIInterfaceOrientationPortrait UIInterfaceOrientationLandscapeLeft UIInterfaceOrientationLandscapeRight";
				LD_RUNPATH_SEARCH_PATHS = (
					"$(inherited)",
					"@executable_path/Frameworks",
				);
				MARKETING_VERSION = 1.0;
				PRODUCT_BUNDLE_IDENTIFIER = co.Song.LoginProcess;
				PRODUCT_NAME = "$(TARGET_NAME)";
				SWIFT_EMIT_LOC_STRINGS = YES;
				SWIFT_VERSION = 5.0;
				TARGETED_DEVICE_FAMILY = 1;
			};
			name = Debug;
		};
		E43B1296281FF36600D88544 /* Release */ = {
			isa = XCBuildConfiguration;
			baseConfigurationReference = 76082E0BAFCE1376D3C11628 /* Pods-LoginProcess.release.xcconfig */;
			buildSettings = {
				ASSETCATALOG_COMPILER_APPICON_NAME = AppIcon;
				ASSETCATALOG_COMPILER_GLOBAL_ACCENT_COLOR_NAME = AccentColor;
				CODE_SIGN_STYLE = Automatic;
				CURRENT_PROJECT_VERSION = 1;
				DEVELOPMENT_TEAM = FCQD35AW5P;
				GENERATE_INFOPLIST_FILE = YES;
				INFOPLIST_FILE = "LoginProcess/Support files/Info.plist";
				INFOPLIST_KEY_UIApplicationSupportsIndirectInputEvents = YES;
				INFOPLIST_KEY_UILaunchStoryboardName = LaunchScreen;
				INFOPLIST_KEY_UISupportedInterfaceOrientations_iPad = "UIInterfaceOrientationPortrait UIInterfaceOrientationPortraitUpsideDown UIInterfaceOrientationLandscapeLeft UIInterfaceOrientationLandscapeRight";
				INFOPLIST_KEY_UISupportedInterfaceOrientations_iPhone = "UIInterfaceOrientationPortrait UIInterfaceOrientationLandscapeLeft UIInterfaceOrientationLandscapeRight";
				LD_RUNPATH_SEARCH_PATHS = (
					"$(inherited)",
					"@executable_path/Frameworks",
				);
				MARKETING_VERSION = 1.0;
				PRODUCT_BUNDLE_IDENTIFIER = co.Song.LoginProcess;
				PRODUCT_NAME = "$(TARGET_NAME)";
				SWIFT_EMIT_LOC_STRINGS = YES;
				SWIFT_VERSION = 5.0;
				TARGETED_DEVICE_FAMILY = 1;
			};
			name = Release;
		};
/* End XCBuildConfiguration section */

/* Begin XCConfigurationList section */
		E43B127B281FF36200D88544 /* Build configuration list for PBXProject "LoginProcess" */ = {
			isa = XCConfigurationList;
			buildConfigurations = (
				E43B1292281FF36600D88544 /* Debug */,
				E43B1293281FF36600D88544 /* Release */,
			);
			defaultConfigurationIsVisible = 0;
			defaultConfigurationName = Release;
		};
		E43B1294281FF36600D88544 /* Build configuration list for PBXNativeTarget "LoginProcess" */ = {
			isa = XCConfigurationList;
			buildConfigurations = (
				E43B1295281FF36600D88544 /* Debug */,
				E43B1296281FF36600D88544 /* Release */,
			);
			defaultConfigurationIsVisible = 0;
			defaultConfigurationName = Release;
		};
/* End XCConfigurationList section */
	};
	rootObject = E43B1278281FF36200D88544 /* Project object */;
}
